{
    "name": "@spacetimedb/rescript",
    "version": "2.0.0",
    "lockfileVersion": 3,
    "requires": true,
    "packages": {
        "": {
            "name": "@spacetimedb/rescript",
            "version": "2.0.0",
            "license": "ISC",
            "dependencies": {
                "@rescript/core": "^1.6.0",
                "@rescript/react": "^0.13.0",
                "spacetimedb": "2.0.0"
            },
            "devDependencies": {
                "@types/node": "^25.3.5",
                "typescript": "^5.9.3"
            },
            "peerDependencies": {
                "react": "^18.0.0 || ^19.0.0",
                "rescript": "^12.0.0"
            }
        },
        "node_modules/@rescript/core": {
            "version": "1.6.1",
            "resolved": "https://registry.npmjs.org/@rescript/core/-/core-1.6.1.tgz",
            "integrity": "sha512-vyb5k90ck+65Fgui+5vCja/mUfzKaK3kOPT4Z6aAJdHLH1eljEi1zKhXroCiCtpNLSWp8k4ulh1bdB5WS0hvqA==",
            "license": "MIT",
            "peerDependencies": {
                "rescript": ">=11.1.0"
            }
        },
        "node_modules/@rescript/darwin-arm64": {
            "version": "12.1.0",
            "resolved": "https://registry.npmjs.org/@rescript/darwin-arm64/-/darwin-arm64-12.1.0.tgz",
            "integrity": "sha512-OuJMT+2h2Lp60n8ONFx1oBAAePSVkM9zl7E/EX4VD2xkQoVTPklz0BpHYOICnFJSCOOdbOhbsTBXdLpo3yvllg==",
            "cpu": [
                "arm64"
            ],
            "optional": true,
            "os": [
                "darwin"
            ],
            "peer": true,
            "engines": {
                "node": ">=20.11.0"
            }
        },
        "node_modules/@rescript/darwin-x64": {
            "version": "12.1.0",
            "resolved": "https://registry.npmjs.org/@rescript/darwin-x64/-/darwin-x64-12.1.0.tgz",
            "integrity": "sha512-r5Iv4ga+LaNq+6g9LODwZG4bwydd9UDXACP/HKxOfrP9XQCITlF/XqB1ZDJWyJOgJLZSJCd7erlG38YtB0VZKA==",
            "cpu": [
                "x64"
            ],
            "optional": true,
            "os": [
                "darwin"
            ],
            "peer": true,
            "engines": {
                "node": ">=20.11.0"
            }
        },
        "node_modules/@rescript/linux-arm64": {
            "version": "12.1.0",
            "resolved": "https://registry.npmjs.org/@rescript/linux-arm64/-/linux-arm64-12.1.0.tgz",
            "integrity": "sha512-UTZv4GTjbyQ/T5LQDfQiGcumK3SzE1K7+ug6gWpDcGZ7ALc7hCS6BVEFL/LDs8iWVwAwkK/6r456s2zRnvS7wQ==",
            "cpu": [
                "arm64"
            ],
            "optional": true,
            "os": [
                "linux"
            ],
            "peer": true,
            "engines": {
                "node": ">=20.11.0"
            }
        },
        "node_modules/@rescript/linux-x64": {
            "version": "12.1.0",
            "resolved": "https://registry.npmjs.org/@rescript/linux-x64/-/linux-x64-12.1.0.tgz",
            "integrity": "sha512-c0PXuBL09JRSA4nQusYbR4mW5QJrBPqxDrqvIX+M79fk3d6jQmj5x4NsBwk5BavxvmbR/JU1JjYBlSAa3h22Vg==",
            "cpu": [
                "x64"
            ],
            "optional": true,
            "os": [
                "linux"
            ],
            "peer": true,
            "engines": {
                "node": ">=20.11.0"
            }
        },
        "node_modules/@rescript/react": {
            "version": "0.13.1",
            "resolved": "https://registry.npmjs.org/@rescript/react/-/react-0.13.1.tgz",
            "integrity": "sha512-VIWtu/sAJyYmDVoAhit0LHDYQrW6RqZ6z8sh8san5cjEAT4klv8JWkiaSK3FGUfooUDkGUXXgKTkqyj8zRR21w==",
            "license": "MIT",
            "peerDependencies": {
                "react": ">=18.0.0",
                "react-dom": ">=18.0.0"
            }
        },
        "node_modules/@rescript/runtime": {
            "version": "12.1.0",
            "resolved": "https://registry.npmjs.org/@rescript/runtime/-/runtime-12.1.0.tgz",
            "integrity": "sha512-bvr9RfvBD+JS/6foWCA4l2fLXmUXN0KGqylXQPHt09QxUghqgoCiaWVHaHSx5dOIk/jAPlGQ7zB5yVeMas/EFQ==",
            "peer": true
        },
        "node_modules/@rescript/win32-x64": {
            "version": "12.1.0",
            "resolved": "https://registry.npmjs.org/@rescript/win32-x64/-/win32-x64-12.1.0.tgz",
            "integrity": "sha512-nQC42QByyAbryfkbyK67iskipUqXVwTPCFrqissY4jJoP0128gg0yG6DydJnV1stXphtFdMFHtmyYE1ffG7UBg==",
            "cpu": [
                "x64"
            ],
            "optional": true,
            "os": [
                "win32"
            ],
            "peer": true,
            "engines": {
                "node": ">=20.11.0"
            }
        },
        "node_modules/@types/node": {
            "version": "25.3.5",
            "resolved": "https://registry.npmjs.org/@types/node/-/node-25.3.5.tgz",
            "integrity": "sha512-oX8xrhvpiyRCQkG1MFchB09f+cXftgIXb3a7UUa4Y3wpmZPw5tyZGTLWhlESOLq1Rq6oDlc8npVU2/9xiCuXMA==",
            "dev": true,
            "license": "MIT",
            "dependencies": {
                "undici-types": "~7.18.0"
            }
        },
        "node_modules/base64-js": {
            "version": "1.5.1",
            "resolved": "https://registry.npmjs.org/base64-js/-/base64-js-1.5.1.tgz",
            "integrity": "sha512-AKpaYlHn8t4SVbOHCy+b5+KKgvR4vrsD8vbvrbiQJps7fKDTkjkDry6ji0rUJjC0kzbNePLwzxq8iypo41qeWA==",
            "funding": [
                {
                    "type": "github",
                    "url": "https://github.com/sponsors/feross"
                },
                {
                    "type": "patreon",
                    "url": "https://www.patreon.com/feross"
                },
                {
                    "type": "consulting",
                    "url": "https://feross.org/support"
                }
            ],
            "license": "MIT"
        },
        "node_modules/headers-polyfill": {
            "version": "4.0.3",
            "resolved": "https://registry.npmjs.org/headers-polyfill/-/headers-polyfill-4.0.3.tgz",
            "integrity": "sha512-IScLbePpkvO846sIwOtOTDjutRMWdXdJmXdMvk6gCBHxFO8d+QKOQedyZSxFTTFYRSmlgSTDtXqqq4pcenBXLQ==",
            "license": "MIT"
        },
        "node_modules/object-inspect": {
            "version": "1.13.4",
            "resolved": "https://registry.npmjs.org/object-inspect/-/object-inspect-1.13.4.tgz",
            "integrity": "sha512-W67iLl4J2EXEGTbfeHCffrjDfitvLANg0UlX3wFUUSTx92KXRFegMHUVgSqE+wvhAbi4WqjGg9czysTV2Epbew==",
            "license": "MIT",
            "engines": {
                "node": ">= 0.4"
            },
            "funding": {
                "url": "https://github.com/sponsors/ljharb"
            }
        },
        "node_modules/prettier": {
            "version": "3.8.1",
            "resolved": "https://registry.npmjs.org/prettier/-/prettier-3.8.1.tgz",
            "integrity": "sha512-UOnG6LftzbdaHZcKoPFtOcCKztrQ57WkHDeRD9t/PTQtmT0NHSeWWepj6pS0z/N7+08BHFDQVUrfmfMRcZwbMg==",
            "license": "MIT",
            "bin": {
                "prettier": "bin/prettier.cjs"
            },
            "engines": {
                "node": ">=14"
            },
            "funding": {
                "url": "https://github.com/prettier/prettier?sponsor=1"
            }
        },
        "node_modules/pure-rand": {
            "version": "7.0.1",
            "resolved": "https://registry.npmjs.org/pure-rand/-/pure-rand-7.0.1.tgz",
            "integrity": "sha512-oTUZM/NAZS8p7ANR3SHh30kXB+zK2r2BPcEn/awJIbOvq82WoMN4p62AWWp3Hhw50G0xMsw1mhIBLqHw64EcNQ==",
            "funding": [
                {
                    "type": "individual",
                    "url": "https://github.com/sponsors/dubzzz"
                },
                {
                    "type": "opencollective",
                    "url": "https://opencollective.com/fast-check"
                }
            ],
            "license": "MIT"
        },
        "node_modules/react": {
            "version": "19.2.4",
            "resolved": "https://registry.npmjs.org/react/-/react-19.2.4.tgz",
            "integrity": "sha512-9nfp2hYpCwOjAN+8TZFGhtWEwgvWHXqESH8qT89AT/lWklpLON22Lc8pEtnpsZz7VmawabSU0gCjnj8aC0euHQ==",
            "license": "MIT",
            "peer": true,
            "engines": {
                "node": ">=0.10.0"
            }
        },
        "node_modules/react-dom": {
            "version": "19.2.4",
            "resolved": "https://registry.npmjs.org/react-dom/-/react-dom-19.2.4.tgz",
            "integrity": "sha512-AXJdLo8kgMbimY95O2aKQqsz2iWi9jMgKJhRBAxECE4IFxfcazB2LmzloIoibJI3C12IlY20+KFaLv+71bUJeQ==",
            "license": "MIT",
            "peer": true,
            "dependencies": {
                "scheduler": "^0.27.0"
            },
            "peerDependencies": {
                "react": "^19.2.4"
            }
        },
        "node_modules/rescript": {
            "version": "12.1.0",
            "resolved": "https://registry.npmjs.org/rescript/-/rescript-12.1.0.tgz",
            "integrity": "sha512-n/B43wzIEKV4OmlrWbrlQOL4zZaz0RM/Cc8PG2YvhQvQDW7nscHJliDq1AGeVwHoMX68MeaKKzLDOMOMU9Z6FA==",
            "license": "SEE LICENSE IN LICENSE",
            "peer": true,
            "workspaces": [
                "packages/playground",
                "packages/@rescript/*",
                "tests/dependencies/**",
                "tests/analysis_tests/**",
                "tests/docstring_tests",
                "tests/gentype_tests/**",
                "tests/tools_tests",
                "scripts/res"
            ],
            "dependencies": {
                "@rescript/runtime": "12.1.0"
            },
            "bin": {
                "bsc": "cli/bsc.js",
                "bstracing": "cli/bstracing.js",
                "rescript": "cli/rescript.js",
                "rescript-legacy": "cli/rescript-legacy.js",
                "rescript-tools": "cli/rescript-tools.js"
            },
            "engines": {
                "node": ">=20.11.0"
            },
            "optionalDependencies": {
                "@rescript/darwin-arm64": "12.1.0",
                "@rescript/darwin-x64": "12.1.0",
                "@rescript/linux-arm64": "12.1.0",
                "@rescript/linux-x64": "12.1.0",
                "@rescript/win32-x64": "12.1.0"
            }
        },
        "node_modules/safe-stable-stringify": {
            "version": "2.5.0",
            "resolved": "https://registry.npmjs.org/safe-stable-stringify/-/safe-stable-stringify-2.5.0.tgz",
            "integrity": "sha512-b3rppTKm9T+PsVCBEOUR46GWI7fdOs00VKZ1+9c1EWDaDMvjQc6tUwuFyIprgGgTcWoVHSKrU8H31ZHA2e0RHA==",
            "license": "MIT",
            "engines": {
                "node": ">=10"
            }
        },
        "node_modules/scheduler": {
            "version": "0.27.0",
            "resolved": "https://registry.npmjs.org/scheduler/-/scheduler-0.27.0.tgz",
            "integrity": "sha512-eNv+WrVbKu1f3vbYJT/xtiF5syA5HPIMtf9IgY/nKg0sWqzAUEvqY/xm7OcZc/qafLx/iO9FgOmeSAp4v5ti/Q==",
            "license": "MIT",
            "peer": true
        },
        "node_modules/spacetimedb": {
            "version": "2.0.0",
            "resolved": "https://registry.npmjs.org/spacetimedb/-/spacetimedb-2.0.0.tgz",
            "integrity": "sha512-de4S4ZOdRqyICTOMfAGkyC8tRFVif0TeOOtIrXOI/CdZHPMaKJpPJit7P8MYkA58cVAaReeo4vwJrdkFceoDsA==",
            "license": "ISC",
            "dependencies": {
                "base64-js": "^1.5.1",
                "headers-polyfill": "^4.0.3",
                "object-inspect": "^1.13.4",
                "prettier": "^3.3.3",
                "pure-rand": "^7.0.1",
                "safe-stable-stringify": "^2.5.0",
                "statuses": "^2.0.2",
                "url-polyfill": "^1.1.14"
            },
            "peerDependencies": {
                "@angular/core": ">=17.0.0",
                "@tanstack/react-query": "^5.0.0",
                "react": "^18.0.0 || ^19.0.0-0 || ^19.0.0",
                "svelte": "^4.0.0 || ^5.0.0",
                "undici": "^6.19.2",
                "vue": "^3.3.0"
            },
            "peerDependenciesMeta": {
                "@angular/core": {
                    "optional": true
                },
                "@tanstack/react-query": {
                    "optional": true
                },
                "react": {
                    "optional": true
                },
                "svelte": {
                    "optional": true
                },
                "undici": {
                    "optional": true
                },
                "vue": {
                    "optional": true
                }
            }
        },
        "node_modules/statuses": {
            "version": "2.0.2",
            "resolved": "https://registry.npmjs.org/statuses/-/statuses-2.0.2.tgz",
            "integrity": "sha512-DvEy55V3DB7uknRo+4iOGT5fP1slR8wQohVdknigZPMpMstaKJQWhwiYBACJE3Ul2pTnATihhBYnRhZQHGBiRw==",
            "license": "MIT",
            "engines": {
                "node": ">= 0.8"
            }
        },
        "node_modules/typescript": {
            "version": "5.9.3",
            "resolved": "https://registry.npmjs.org/typescript/-/typescript-5.9.3.tgz",
            "integrity": "sha512-jl1vZzPDinLr9eUt3J/t7V6FgNEw9QjvBPdysz9KfQDD41fQrC2Y4vKQdiaUpFT4bXlb1RHhLpp8wtm6M5TgSw==",
            "dev": true,
            "license": "Apache-2.0",
            "bin": {
                "tsc": "bin/tsc",
                "tsserver": "bin/tsserver"
            },
            "engines": {
                "node": ">=14.17"
            }
        },
        "node_modules/undici-types": {
            "version": "7.18.2",
            "resolved": "https://registry.npmjs.org/undici-types/-/undici-types-7.18.2.tgz",
            "integrity": "sha512-AsuCzffGHJybSaRrmr5eHr81mwJU3kjw6M+uprWvCXiNeN9SOGwQ3Jn8jb8m3Z6izVgknn1R0FTCEAP2QrLY/w==",
            "dev": true,
            "license": "MIT"
        },
        "node_modules/url-polyfill": {
            "version": "1.1.14",
            "resolved": "https://registry.npmjs.org/url-polyfill/-/url-polyfill-1.1.14.tgz",
            "integrity": "sha512-p4f3TTAG6ADVF3mwbXw7hGw+QJyw5CnNGvYh5fCuQQZIiuKUswqcznyV3pGDP9j0TSmC4UvRKm8kl1QsX1diiQ==",
            "license": "MIT"
        }
    }
}
